
Microsoft Visual Studio Solution File, Format Version 12.00
# Visual Studio 14
VisualStudioVersion = 14.0.25420.1
MinimumVisualStudioVersion = 10.0.40219.1
Project("{FAE04EC0-301F-11D3-BF4B-00C04F79EFBC}") = "Yxc.Entities", "Yxc.Entities\Yxc.Entities.csproj", "{91BABD3C-1E83-48E6-B4F0-81ED2793F665}"
EndProject
Project("{FAE04EC0-301F-11D3-BF4B-00C04F79EFBC}") = "Yxc.Console", "Yxc.Console\Yxc.Console.csproj", "{2CED8710-5B7D-4B86-9DB0-72B5C6768142}"
EndProject
Global
	GlobalSection(SolutionConfigurationPlatforms) = preSolution
		Debug|Any CPU = Debug|Any CPU
		Release|Any CPU = Release|Any CPU
	EndGlobalSection
	GlobalSection(ProjectConfigurationPlatforms) = postSolution
		{91BABD3C-1E83-48E6-B4F0-81ED2793F665}.Debug|Any CPU.ActiveCfg = Debug|Any CPU
		{91BABD3C-1E83-48E6-B4F0-81ED2793F665}.Debug|Any CPU.Build.0 = Debug|Any CPU
		{91BABD3C-1E83-48E6-B4F0-81ED2793F665}.Release|Any CPU.ActiveCfg = Release|Any CPU
		{91BABD3C-1E83-48E6-B4F0-81ED2793F665}.Release|Any CPU.Build.0 = Release|Any CPU
		{2CED8710-5B7D-4B86-9DB0-72B5C6768142}.Debug|Any CPU.ActiveCfg = Debug|Any CPU
		{2CED8710-5B7D-4B86-9DB0-72B5C6768142}.Debug|Any CPU.Build.0 = Debug|Any CPU
		{2CED8710-5B7D-4B86-9DB0-72B5C6768142}.Release|Any CPU.ActiveCfg = Release|Any CPU
		{2CED8710-5B7D-4B86-9DB0-72B5C6768142}.Release|Any CPU.Build.0 = Release|Any CPU
	EndGlobalSection
	GlobalSection(SolutionProperties) = preSolution
		HideSolutionNode = FALSE
	EndGlobalSection
EndGlobal
